
Microsoft Visual Studio Solution File, Format Version 12.00
# Visual Studio 15
VisualStudioVersion = 15.0.28307.329
MinimumVisualStudioVersion = 10.0.40219.1
Project("{FAE04EC0-301F-11D3-BF4B-00C04F79EFBC}") = "Messages.NET", "Messages.NET\Messages.NET.csproj", "{299A112B-D209-44BF-806C-C8FD55BDF139}"
EndProject
Global
	GlobalSection(SolutionConfigurationPlatforms) = preSolution
		Debug|Any CPU = Debug|Any CPU
		Release|Any CPU = Release|Any CPU
	EndGlobalSection
	GlobalSection(ProjectConfigurationPlatforms) = postSolution
		{299A112B-D209-44BF-806C-C8FD55BDF139}.Debug|Any CPU.ActiveCfg = Debug|Any CPU
		{299A112B-D209-44BF-806C-C8FD55BDF139}.Debug|Any CPU.Build.0 = Debug|Any CPU
		{299A112B-D209-44BF-806C-C8FD55BDF139}.Release|Any CPU.ActiveCfg = Release|Any CPU
		{299A112B-D209-44BF-806C-C8FD55BDF139}.Release|Any CPU.Build.0 = Release|Any CPU
	EndGlobalSection
	GlobalSection(SolutionProperties) = preSolution
		HideSolutionNode = FALSE
	EndGlobalSection
	GlobalSection(ExtensibilityGlobals) = postSolution
		SolutionGuid = {317AE246-9C7A-4F0B-844E-22070D4F0162}
	EndGlobalSection
EndGlobal
